
Microsoft Visual Studio Solution File, Format Version 12.00
# Visual Studio Version 17
VisualStudioVersion = 17.11.35312.102
MinimumVisualStudioVersion = 10.0.40219.1
Project("{9A19103F-16F7-4668-BE54-9A1E7A4F7556}") = "SuperMarket.Core", "SuperMarket.Core\SuperMarket.Core.csproj", "{BBE02019-148D-423C-9CA1-836EFDEC7277}"
EndProject
Project("{9A19103F-16F7-4668-BE54-9A1E7A4F7556}") = "SuperMarket.Data", "SuperMarket.Data\SuperMarket.Data.csproj", "{6F475E4E-A091-45B3-9C7B-57E4DB698239}"
EndProject
Project("{9A19103F-16F7-4668-BE54-9A1E7A4F7556}") = "SuperMarket.API", "SuperMarket.API\SuperMarket.API.csproj", "{9AF14663-EE84-4538-819F-FB933D4EF592}"
EndProject
Project("{FAE04EC0-301F-11D3-BF4B-00C04F79EFBC}") = "SuperMarket.Test", "SuperMarket.Test\SuperMarket.Test.csproj", "{6D0315DA-AB91-4105-B293-8B42FA5D7209}"
EndProject
Global
	GlobalSection(SolutionConfigurationPlatforms) = preSolution
		Debug|Any CPU = Debug|Any CPU
		Release|Any CPU = Release|Any CPU
	EndGlobalSection
	GlobalSection(ProjectConfigurationPlatforms) = postSolution
		{BBE02019-148D-423C-9CA1-836EFDEC7277}.Debug|Any CPU.ActiveCfg = Debug|Any CPU
		{BBE02019-148D-423C-9CA1-836EFDEC7277}.Debug|Any CPU.Build.0 = Debug|Any CPU
		{BBE02019-148D-423C-9CA1-836EFDEC7277}.Release|Any CPU.ActiveCfg = Release|Any CPU
		{BBE02019-148D-423C-9CA1-836EFDEC7277}.Release|Any CPU.Build.0 = Release|Any CPU
		{6F475E4E-A091-45B3-9C7B-57E4DB698239}.Debug|Any CPU.ActiveCfg = Debug|Any CPU
		{6F475E4E-A091-45B3-9C7B-57E4DB698239}.Debug|Any CPU.Build.0 = Debug|Any CPU
		{6F475E4E-A091-45B3-9C7B-57E4DB698239}.Release|Any CPU.ActiveCfg = Release|Any CPU
		{6F475E4E-A091-45B3-9C7B-57E4DB698239}.Release|Any CPU.Build.0 = Release|Any CPU
		{9AF14663-EE84-4538-819F-FB933D4EF592}.Debug|Any CPU.ActiveCfg = Debug|Any CPU
		{9AF14663-EE84-4538-819F-FB933D4EF592}.Debug|Any CPU.Build.0 = Debug|Any CPU
		{9AF14663-EE84-4538-819F-FB933D4EF592}.Release|Any CPU.ActiveCfg = Release|Any CPU
		{9AF14663-EE84-4538-819F-FB933D4EF592}.Release|Any CPU.Build.0 = Release|Any CPU
		{6D0315DA-AB91-4105-B293-8B42FA5D7209}.Debug|Any CPU.ActiveCfg = Debug|Any CPU
		{6D0315DA-AB91-4105-B293-8B42FA5D7209}.Debug|Any CPU.Build.0 = Debug|Any CPU
		{6D0315DA-AB91-4105-B293-8B42FA5D7209}.Release|Any CPU.ActiveCfg = Release|Any CPU
		{6D0315DA-AB91-4105-B293-8B42FA5D7209}.Release|Any CPU.Build.0 = Release|Any CPU
	EndGlobalSection
	GlobalSection(SolutionProperties) = preSolution
		HideSolutionNode = FALSE
	EndGlobalSection
	GlobalSection(ExtensibilityGlobals) = postSolution
		SolutionGuid = {72DA8A28-D01E-4DED-9A77-A8A5C7AFF762}
	EndGlobalSection
EndGlobal
